
Microsoft Visual Studio Solution File, Format Version 12.00
# Visual Studio Version 16
VisualStudioVersion = 16.0.29613.14
MinimumVisualStudioVersion = 10.0.40219.1
Project("{FAE04EC0-301F-11D3-BF4B-00C04F79EFBC}") = "CSharpExamples", "CSharpExamples\CSharpExamples.csproj", "{6FA79203-0E5D-45FD-9B78-3698D8807791}"
EndProject
Project("{F2A71F9B-5D33-465A-A702-920D77279786}") = "FSharpExamples", "FSharpExamples\FSharpExamples.fsproj", "{0FC94C57-E6F2-47DF-93A8-97DAC5DD7E73}"
EndProject
Global
	GlobalSection(SolutionConfigurationPlatforms) = preSolution
		Debug|Any CPU = Debug|Any CPU
		Release|Any CPU = Release|Any CPU
	EndGlobalSection
	GlobalSection(ProjectConfigurationPlatforms) = postSolution
		{6FA79203-0E5D-45FD-9B78-3698D8807791}.Debug|Any CPU.ActiveCfg = Debug|Any CPU
		{6FA79203-0E5D-45FD-9B78-3698D8807791}.Debug|Any CPU.Build.0 = Debug|Any CPU
		{6FA79203-0E5D-45FD-9B78-3698D8807791}.Release|Any CPU.ActiveCfg = Release|Any CPU
		{6FA79203-0E5D-45FD-9B78-3698D8807791}.Release|Any CPU.Build.0 = Release|Any CPU
		{0FC94C57-E6F2-47DF-93A8-97DAC5DD7E73}.Debug|Any CPU.ActiveCfg = Debug|Any CPU
		{0FC94C57-E6F2-47DF-93A8-97DAC5DD7E73}.Debug|Any CPU.Build.0 = Debug|Any CPU
		{0FC94C57-E6F2-47DF-93A8-97DAC5DD7E73}.Release|Any CPU.ActiveCfg = Release|Any CPU
		{0FC94C57-E6F2-47DF-93A8-97DAC5DD7E73}.Release|Any CPU.Build.0 = Release|Any CPU
	EndGlobalSection
	GlobalSection(SolutionProperties) = preSolution
		HideSolutionNode = FALSE
	EndGlobalSection
	GlobalSection(ExtensibilityGlobals) = postSolution
		SolutionGuid = {263B4CA5-97C1-45F0-BD12-DD8CBADAB05E}
	EndGlobalSection
EndGlobal
